
Microsoft Visual Studio Solution File, Format Version 12.00
# Visual Studio Express 2013 for Web
VisualStudioVersion = 12.0.21005.1
MinimumVisualStudioVersion = 10.0.40219.1
Project("{FAE04EC0-301F-11D3-BF4B-00C04F79EFBC}") = "SportsStore.Domain", "SportsStore.Domain\SportsStore.Domain.csproj", "{8D19FB6A-5E2D-4F1D-BD3D-3B9551CDF7FE}"
EndProject
Project("{FAE04EC0-301F-11D3-BF4B-00C04F79EFBC}") = "SportsStore.WebUI", "SportsStore.WebUI\SportsStore.WebUI.csproj", "{9ADE8417-E35C-49AB-909C-9A7548521155}"
	ProjectSection(ProjectDependencies) = postProject
		{8D19FB6A-5E2D-4F1D-BD3D-3B9551CDF7FE} = {8D19FB6A-5E2D-4F1D-BD3D-3B9551CDF7FE}
	EndProjectSection
EndProject
Global
	GlobalSection(SolutionConfigurationPlatforms) = preSolution
		Debug|Any CPU = Debug|Any CPU
		Release|Any CPU = Release|Any CPU
	EndGlobalSection
	GlobalSection(ProjectConfigurationPlatforms) = postSolution
		{8D19FB6A-5E2D-4F1D-BD3D-3B9551CDF7FE}.Debug|Any CPU.ActiveCfg = Debug|Any CPU
		{8D19FB6A-5E2D-4F1D-BD3D-3B9551CDF7FE}.Debug|Any CPU.Build.0 = Debug|Any CPU
		{8D19FB6A-5E2D-4F1D-BD3D-3B9551CDF7FE}.Release|Any CPU.ActiveCfg = Release|Any CPU
		{8D19FB6A-5E2D-4F1D-BD3D-3B9551CDF7FE}.Release|Any CPU.Build.0 = Release|Any CPU
		{9ADE8417-E35C-49AB-909C-9A7548521155}.Debug|Any CPU.ActiveCfg = Debug|Any CPU
		{9ADE8417-E35C-49AB-909C-9A7548521155}.Debug|Any CPU.Build.0 = Debug|Any CPU
		{9ADE8417-E35C-49AB-909C-9A7548521155}.Release|Any CPU.ActiveCfg = Release|Any CPU
		{9ADE8417-E35C-49AB-909C-9A7548521155}.Release|Any CPU.Build.0 = Release|Any CPU
	EndGlobalSection
	GlobalSection(SolutionProperties) = preSolution
		HideSolutionNode = FALSE
	EndGlobalSection
EndGlobal
